// !$*UTF8*$!
{
	archiveVersion = 1;
	classes = {
	};
	objectVersion = 46;
	objects = {

/* Begin PBXBuildFile section */
		48FD7C931EC1590000C68210 /* Foundation.framework in Frameworks */ = {isa = PBXBuildFile; fileRef = 48FD7C921EC1590000C68210 /* Foundation.framework */; };
		48FD7C9D1EC1590000C68210 /* NeteaseMusicPlugin_iOS.mm in Sources */ = {isa = PBXBuildFile; fileRef = 48FD7C9C1EC1590000C68210 /* NeteaseMusicPlugin_iOS.mm */; };
/* End PBXBuildFile section */

/* Begin PBXFileReference section */
		48FD7C8F1EC1590000C68210 /* NeteaseMusicPlugin-iOS.dylib */ = {isa = PBXFileReference; explicitFileType = "compiled.mach-o.dylib"; includeInIndex = 0; path = "NeteaseMusicPlugin-iOS.dylib"; sourceTree = BUILT_PRODUCTS_DIR; };
		48FD7C921EC1590000C68210 /* Foundation.framework */ = {isa = PBXFileReference; lastKnownFileType = wrapper.framework; name = Foundation.framework; path = System/Library/Frameworks/Foundation.framework; sourceTree = SDKROOT; };
		48FD7C971EC1590000C68210 /* control.txt */ = {isa = PBXFileReference; lastKnownFileType = text; name = control.txt; path = Package/DEBIAN/control.txt; sourceTree = "<group>"; };
		48FD7C981EC1590000C68210 /* control */ = {isa = PBXFileReference; lastKnownFileType = text; name = control; path = Package/DEBIAN/control; sourceTree = "<group>"; };
		48FD7C9A1EC1590000C68210 /* PackageVersion.plist */ = {isa = PBXFileReference; lastKnownFileType = text.plist.xml; path = PackageVersion.plist; sourceTree = "<group>"; };
		48FD7C9B1EC1590000C68210 /* NeteaseMusicPlugin-iOS-Prefix.pch */ = {isa = PBXFileReference; lastKnownFileType = sourcecode.c.h; path = "NeteaseMusicPlugin-iOS-Prefix.pch"; sourceTree = "<group>"; };
		48FD7C9C1EC1590000C68210 /* NeteaseMusicPlugin_iOS.mm */ = {isa = PBXFileReference; lastKnownFileType = sourcecode.cpp.objcpp; path = NeteaseMusicPlugin_iOS.mm; sourceTree = "<group>"; };
		48FD7CA11EC1590000C68210 /* NeteaseMusicPlugin_iOS.plist */ = {isa = PBXFileReference; lastKnownFileType = text.plist.xml; name = NeteaseMusicPlugin_iOS.plist; path = Package/Library/MobileSubstrate/DynamicLibraries/NeteaseMusicPlugin_iOS.plist; sourceTree = "<group>"; };
/* End PBXFileReference section */

/* Begin PBXFrameworksBuildPhase section */
		48FD7C8B1EC1590000C68210 /* Frameworks */ = {
			isa = PBXFrameworksBuildPhase;
			buildActionMask = 2147483647;
			files = (
				48FD7C931EC1590000C68210 /* Foundation.framework in Frameworks */,
			);
			runOnlyForDeploymentPostprocessing = 0;
		};
/* End PBXFrameworksBuildPhase section */

/* Begin PBXGroup section */
		48FD7C851EC158FF00C68210 = {
			isa = PBXGroup;
			children = (
				48FD7C941EC1590000C68210 /* NeteaseMusicPlugin-iOS */,
				48FD7C911EC1590000C68210 /* Frameworks */,
				48FD7C901EC1590000C68210 /* Products */,
			);
			sourceTree = "<group>";
		};
		48FD7C901EC1590000C68210 /* Products */ = {
			isa = PBXGroup;
			children = (
				48FD7C8F1EC1590000C68210 /* NeteaseMusicPlugin-iOS.dylib */,
			);
			name = Products;
			sourceTree = "<group>";
		};
		48FD7C911EC1590000C68210 /* Frameworks */ = {
			isa = PBXGroup;
			children = (
				48FD7C921EC1590000C68210 /* Foundation.framework */,
			);
			name = Frameworks;
			sourceTree = "<group>";
		};
		48FD7C941EC1590000C68210 /* NeteaseMusicPlugin-iOS */ = {
			isa = PBXGroup;
			children = (
				48FD7C9C1EC1590000C68210 /* NeteaseMusicPlugin_iOS.mm */,
				48FD7C951EC1590000C68210 /* Package */,
				48FD7C991EC1590000C68210 /* Supporting Files */,
			);
			path = "NeteaseMusicPlugin-iOS";
			sourceTree = "<group>";
		};
		48FD7C951EC1590000C68210 /* Package */ = {
			isa = PBXGroup;
			children = (
				48FD7C961EC1590000C68210 /* DEBIAN */,
				48FD7C9E1EC1590000C68210 /* Library */,
			);
			name = Package;
			sourceTree = "<group>";
		};
		48FD7C961EC1590000C68210 /* DEBIAN */ = {
			isa = PBXGroup;
			children = (
				48FD7C971EC1590000C68210 /* control.txt */,
				48FD7C981EC1590000C68210 /* control */,
			);
			name = DEBIAN;
			sourceTree = "<group>";
		};
		48FD7C991EC1590000C68210 /* Supporting Files */ = {
			isa = PBXGroup;
			children = (
				48FD7C9A1EC1590000C68210 /* PackageVersion.plist */,
				48FD7C9B1EC1590000C68210 /* NeteaseMusicPlugin-iOS-Prefix.pch */,
			);
			name = "Supporting Files";
			sourceTree = "<group>";
		};
		48FD7C9E1EC1590000C68210 /* Library */ = {
			isa = PBXGroup;
			children = (
				48FD7C9F1EC1590000C68210 /* MobileSubstrate */,
			);
			name = Library;
			sourceTree = "<group>";
		};
		48FD7C9F1EC1590000C68210 /* MobileSubstrate */ = {
			isa = PBXGroup;
			children = (
				48FD7CA01EC1590000C68210 /* DynamicLibraries */,
			);
			name = MobileSubstrate;
			sourceTree = "<group>";
		};
		48FD7CA01EC1590000C68210 /* DynamicLibraries */ = {
			isa = PBXGroup;
			children = (
				48FD7CA11EC1590000C68210 /* NeteaseMusicPlugin_iOS.plist */,
			);
			name = DynamicLibraries;
			sourceTree = "<group>";
		};
/* End PBXGroup section */

/* Begin PBXHeadersBuildPhase section */
		48FD7C8C1EC1590000C68210 /* Headers */ = {
			isa = PBXHeadersBuildPhase;
			buildActionMask = 2147483647;
			files = (
			);
			runOnlyForDeploymentPostprocessing = 0;
		};
/* End PBXHeadersBuildPhase section */

/* Begin PBXNativeTarget section */
		48FD7C8E1EC1590000C68210 /* NeteaseMusicPlugin-iOS */ = {
			isa = PBXNativeTarget;
			buildConfigurationList = 48FD7CA41EC1590000C68210 /* Build configuration list for PBXNativeTarget "NeteaseMusicPlugin-iOS" */;
			buildPhases = (
				48FD7C8A1EC1590000C68210 /* Sources */,
				48FD7C8B1EC1590000C68210 /* Frameworks */,
				48FD7C8C1EC1590000C68210 /* Headers */,
				48FD7C8D1EC1590000C68210 /* ShellScript */,
			);
			buildRules = (
			);
			dependencies = (
			);
			name = "NeteaseMusicPlugin-iOS";
			productName = "NeteaseMusicPlugin-iOS";
			productReference = 48FD7C8F1EC1590000C68210 /* NeteaseMusicPlugin-iOS.dylib */;
			productType = "com.apple.product-type.library.dynamic";
		};
/* End PBXNativeTarget section */

/* Begin PBXProject section */
		48FD7C861EC158FF00C68210 /* Project object */ = {
			isa = PBXProject;
			attributes = {
				LastUpgradeCheck = 0830;
				TargetAttributes = {
					48FD7C8E1EC1590000C68210 = {
						CreatedOnToolsVersion = 8.3.2;
						DevelopmentTeam = 9975VG746Y;
						ProvisioningStyle = Automatic;
					};
				};
			};
			buildConfigurationList = 48FD7C891EC158FF00C68210 /* Build configuration list for PBXProject "NeteaseMusicPlugin-iOS" */;
			compatibilityVersion = "Xcode 3.2";
			developmentRegion = English;
			hasScannedForEncodings = 0;
			knownRegions = (
				en,
			);
			mainGroup = 48FD7C851EC158FF00C68210;
			productRefGroup = 48FD7C901EC1590000C68210 /* Products */;
			projectDirPath = "";
			projectRoot = "";
			targets = (
				48FD7C8E1EC1590000C68210 /* NeteaseMusicPlugin-iOS */,
			);
		};
/* End PBXProject section */

/* Begin PBXShellScriptBuildPhase section */
		48FD7C8D1EC1590000C68210 /* ShellScript */ = {
			isa = PBXShellScriptBuildPhase;
			buildActionMask = 2147483647;
			files = (
			);
			inputPaths = (
			);
			outputPaths = (
			);
			runOnlyForDeploymentPostprocessing = 0;
			shellPath = /bin/sh;
			shellScript = "/opt/iOSOpenDev/bin/iosod --xcbp";
		};
/* End PBXShellScriptBuildPhase section */

/* Begin PBXSourcesBuildPhase section */
		48FD7C8A1EC1590000C68210 /* Sources */ = {
			isa = PBXSourcesBuildPhase;
			buildActionMask = 2147483647;
			files = (
				48FD7C9D1EC1590000C68210 /* NeteaseMusicPlugin_iOS.mm in Sources */,
			);
			runOnlyForDeploymentPostprocessing = 0;
		};
/* End PBXSourcesBuildPhase section */

/* Begin XCBuildConfiguration section */
		48FD7CA21EC1590000C68210 /* Debug */ = {
			isa = XCBuildConfiguration;
			buildSettings = {
				COPY_PHASE_STRIP = NO;
				EXCLUDED_RECURSIVE_SEARCH_PATH_SUBDIRECTORIES = "*.nib *.lproj *.gch (*) .DS_Store CVS .svn .git .hg *.xcodeproj *.xcode *.pbproj *.pbxproj";
				FRAMEWORK_SEARCH_PATHS = (
					"$(iOSOpenDevPath)/frameworks/**",
					"$(SDKROOT)/System/Library/PrivateFrameworks",
				);
				GCC_C_LANGUAGE_STANDARD = gnu99;
				GCC_DYNAMIC_NO_PIC = NO;
				GCC_OPTIMIZATION_LEVEL = 0;
				GCC_PREPROCESSOR_DEFINITIONS = (
					"DEBUG=1",
					"$(inherited)",
				);
				GCC_SYMBOLS_PRIVATE_EXTERN = NO;
				GCC_WARN_ABOUT_MISSING_PROTOTYPES = YES;
				GCC_WARN_ABOUT_RETURN_TYPE = YES;
				GCC_WARN_UNUSED_VARIABLE = YES;
				HEADER_SEARCH_PATHS = "$(iOSOpenDevPath)/include/**";
				IPHONEOS_DEPLOYMENT_TARGET = 10.3;
				LIBRARY_SEARCH_PATHS = "$(iOSOpenDevPath)/lib/**";
				SDKROOT = iphoneos;
				TARGETED_DEVICE_FAMILY = "1,2";
				VALIDATE_PRODUCT = NO;
				iOSOpenDevPath = /opt/iOSOpenDev;
			};
			name = Debug;
		};
		48FD7CA31EC1590000C68210 /* Release */ = {
			isa = XCBuildConfiguration;
			buildSettings = {
				COPY_PHASE_STRIP = YES;
				EXCLUDED_RECURSIVE_SEARCH_PATH_SUBDIRECTORIES = "*.nib *.lproj *.gch (*) .DS_Store CVS .svn .git .hg *.xcodeproj *.xcode *.pbproj *.pbxproj";
				FRAMEWORK_SEARCH_PATHS = (
					"$(iOSOpenDevPath)/frameworks/**",
					"$(SDKROOT)/System/Library/PrivateFrameworks",
				);
				GCC_C_LANGUAGE_STANDARD = gnu99;
				GCC_WARN_ABOUT_MISSING_PROTOTYPES = YES;
				GCC_WARN_ABOUT_RETURN_TYPE = YES;
				GCC_WARN_UNUSED_VARIABLE = YES;
				HEADER_SEARCH_PATHS = "$(iOSOpenDevPath)/include/**";
				IPHONEOS_DEPLOYMENT_TARGET = 10.3;
				LIBRARY_SEARCH_PATHS = "$(iOSOpenDevPath)/lib/**";
				SDKROOT = iphoneos;
				TARGETED_DEVICE_FAMILY = "1,2";
				VALIDATE_PRODUCT = YES;
				iOSOpenDevPath = /opt/iOSOpenDev;
			};
			name = Release;
		};
		48FD7CA51EC1590000C68210 /* Debug */ = {
			isa = XCBuildConfiguration;
			buildSettings = {
				CODE_SIGN_IDENTITY = "";
				DEVELOPMENT_TEAM = 9975VG746Y;
				DYLIB_COMPATIBILITY_VERSION = 1;
				DYLIB_CURRENT_VERSION = 1;
				GCC_PRECOMPILE_PREFIX_HEADER = YES;
				GCC_PREFIX_HEADER = "NeteaseMusicPlugin-iOS/NeteaseMusicPlugin-iOS-Prefix.pch";
				INSTALL_PATH = /Library/MobileSubstrate/DynamicLibraries;
				PRODUCT_NAME = "$(TARGET_NAME)";
				iOSOpenDevBuildPackageOnAnyBuild = NO;
				iOSOpenDevCopyOnBuild = NO;
				iOSOpenDevDevice = "";
				iOSOpenDevInstallOnAnyBuild = NO;
				iOSOpenDevInstallOnProfiling = YES;
				iOSOpenDevRespringOnInstall = YES;
				iOSOpenDevUsePackageVersionPList = YES;
			};
			name = Debug;
		};
		48FD7CA61EC1590000C68210 /* Release */ = {
			isa = XCBuildConfiguration;
			buildSettings = {
				CODE_SIGN_IDENTITY = "";
				DEVELOPMENT_TEAM = 9975VG746Y;
				DYLIB_COMPATIBILITY_VERSION = 1;
				DYLIB_CURRENT_VERSION = 1;
				GCC_PRECOMPILE_PREFIX_HEADER = YES;
				GCC_PREFIX_HEADER = "NeteaseMusicPlugin-iOS/NeteaseMusicPlugin-iOS-Prefix.pch";
				INSTALL_PATH = /Library/MobileSubstrate/DynamicLibraries;
				PRODUCT_NAME = "$(TARGET_NAME)";
				iOSOpenDevBuildPackageOnAnyBuild = NO;
				iOSOpenDevCopyOnBuild = NO;
				iOSOpenDevDevice = "";
				iOSOpenDevInstallOnAnyBuild = NO;
				iOSOpenDevInstallOnProfiling = YES;
				iOSOpenDevRespringOnInstall = YES;
				iOSOpenDevUsePackageVersionPList = YES;
			};
			name = Release;
		};
/* End XCBuildConfiguration section */

/* Begin XCConfigurationList section */
		48FD7C891EC158FF00C68210 /* Build configuration list for PBXProject "NeteaseMusicPlugin-iOS" */ = {
			isa = XCConfigurationList;
			buildConfigurations = (
				48FD7CA21EC1590000C68210 /* Debug */,
				48FD7CA31EC1590000C68210 /* Release */,
			);
			defaultConfigurationIsVisible = 0;
			defaultConfigurationName = Release;
		};
		48FD7CA41EC1590000C68210 /* Build configuration list for PBXNativeTarget "NeteaseMusicPlugin-iOS" */ = {
			isa = XCConfigurationList;
			buildConfigurations = (
				48FD7CA51EC1590000C68210 /* Debug */,
				48FD7CA61EC1590000C68210 /* Release */,
			);
			defaultConfigurationIsVisible = 0;
		};
/* End XCConfigurationList section */
	};
	rootObject = 48FD7C861EC158FF00C68210 /* Project object */;
}
